// !$*UTF8*$!
{
	archiveVersion = 1;
	classes = {
	};
	objectVersion = 46;
	objects = {

/* Begin PBXBuildFile section */
		10E137051B67351000EC560B /* main.m in Sources */ = {isa = PBXBuildFile; fileRef = 10E137041B67351000EC560B /* main.m */; };
		10E137081B67351000EC560B /* AppDelegate.m in Sources */ = {isa = PBXBuildFile; fileRef = 10E137071B67351000EC560B /* AppDelegate.m */; };
		10E1370B1B67351000EC560B /* ViewController.m in Sources */ = {isa = PBXBuildFile; fileRef = 10E1370A1B67351000EC560B /* ViewController.m */; };
		10E1370E1B67351000EC560B /* Main.storyboard in Resources */ = {isa = PBXBuildFile; fileRef = 10E1370C1B67351000EC560B /* Main.storyboard */; };
		10E137101B67351000EC560B /* Images.xcassets in Resources */ = {isa = PBXBuildFile; fileRef = 10E1370F1B67351000EC560B /* Images.xcassets */; };
		10E137131B67351000EC560B /* LaunchScreen.xib in Resources */ = {isa = PBXBuildFile; fileRef = 10E137111B67351000EC560B /* LaunchScreen.xib */; };
		10E1371F1B67351000EC560B /* CloudDriveMigrationServiceIOSClientTests.m in Sources */ = {isa = PBXBuildFile; fileRef = 10E1371E1B67351000EC560B /* CloudDriveMigrationServiceIOSClientTests.m */; };
/* End PBXBuildFile section */

/* Begin PBXContainerItemProxy section */
		10E137191B67351000EC560B /* PBXContainerItemProxy */ = {
			isa = PBXContainerItemProxy;
			containerPortal = 10E136F71B67351000EC560B /* Project object */;
			proxyType = 1;
			remoteGlobalIDString = 10E136FE1B67351000EC560B;
			remoteInfo = CloudDriveMigrationServiceIOSClient;
		};
/* End PBXContainerItemProxy section */

/* Begin PBXFileReference section */
		10E136FF1B67351000EC560B /* CloudDriveMigrationServiceIOSClient.app */ = {isa = PBXFileReference; explicitFileType = wrapper.application; includeInIndex = 0; path = CloudDriveMigrationServiceIOSClient.app; sourceTree = BUILT_PRODUCTS_DIR; };
		10E137031B67351000EC560B /* Info.plist */ = {isa = PBXFileReference; lastKnownFileType = text.plist.xml; path = Info.plist; sourceTree = "<group>"; };
		10E137041B67351000EC560B /* main.m */ = {isa = PBXFileReference; lastKnownFileType = sourcecode.c.objc; path = main.m; sourceTree = "<group>"; };
		10E137061B67351000EC560B /* AppDelegate.h */ = {isa = PBXFileReference; lastKnownFileType = sourcecode.c.h; path = AppDelegate.h; sourceTree = "<group>"; };
		10E137071B67351000EC560B /* AppDelegate.m */ = {isa = PBXFileReference; lastKnownFileType = sourcecode.c.objc; path = AppDelegate.m; sourceTree = "<group>"; };
		10E137091B67351000EC560B /* ViewController.h */ = {isa = PBXFileReference; lastKnownFileType = sourcecode.c.h; path = ViewController.h; sourceTree = "<group>"; };
		10E1370A1B67351000EC560B /* ViewController.m */ = {isa = PBXFileReference; lastKnownFileType = sourcecode.c.objc; path = ViewController.m; sourceTree = "<group>"; };
		10E1370D1B67351000EC560B /* Base */ = {isa = PBXFileReference; lastKnownFileType = file.storyboard; name = Base; path = Base.lproj/Main.storyboard; sourceTree = "<group>"; };
		10E1370F1B67351000EC560B /* Images.xcassets */ = {isa = PBXFileReference; lastKnownFileType = folder.assetcatalog; path = Images.xcassets; sourceTree = "<group>"; };
		10E137121B67351000EC560B /* Base */ = {isa = PBXFileReference; lastKnownFileType = file.xib; name = Base; path = Base.lproj/LaunchScreen.xib; sourceTree = "<group>"; };
		10E137181B67351000EC560B /* CloudDriveMigrationServiceIOSClientTests.xctest */ = {isa = PBXFileReference; explicitFileType = wrapper.cfbundle; includeInIndex = 0; path = CloudDriveMigrationServiceIOSClientTests.xctest; sourceTree = BUILT_PRODUCTS_DIR; };
		10E1371D1B67351000EC560B /* Info.plist */ = {isa = PBXFileReference; lastKnownFileType = text.plist.xml; path = Info.plist; sourceTree = "<group>"; };
		10E1371E1B67351000EC560B /* CloudDriveMigrationServiceIOSClientTests.m */ = {isa = PBXFileReference; lastKnownFileType = sourcecode.c.objc; path = CloudDriveMigrationServiceIOSClientTests.m; sourceTree = "<group>"; };
/* End PBXFileReference section */

/* Begin PBXFrameworksBuildPhase section */
		10E136FC1B67351000EC560B /* Frameworks */ = {
			isa = PBXFrameworksBuildPhase;
			buildActionMask = 2147483647;
			files = (
			);
			runOnlyForDeploymentPostprocessing = 0;
		};
		10E137151B67351000EC560B /* Frameworks */ = {
			isa = PBXFrameworksBuildPhase;
			buildActionMask = 2147483647;
			files = (
			);
			runOnlyForDeploymentPostprocessing = 0;
		};
/* End PBXFrameworksBuildPhase section */

/* Begin PBXGroup section */
		10E136F61B67351000EC560B = {
			isa = PBXGroup;
			children = (
				10E137011B67351000EC560B /* CloudDriveMigrationServiceIOSClient */,
				10E1371B1B67351000EC560B /* CloudDriveMigrationServiceIOSClientTests */,
				10E137001B67351000EC560B /* Products */,
			);
			sourceTree = "<group>";
		};
		10E137001B67351000EC560B /* Products */ = {
			isa = PBXGroup;
			children = (
				10E136FF1B67351000EC560B /* CloudDriveMigrationServiceIOSClient.app */,
				10E137181B67351000EC560B /* CloudDriveMigrationServiceIOSClientTests.xctest */,
			);
			name = Products;
			sourceTree = "<group>";
		};
		10E137011B67351000EC560B /* CloudDriveMigrationServiceIOSClient */ = {
			isa = PBXGroup;
			children = (
				10E137061B67351000EC560B /* AppDelegate.h */,
				10E137071B67351000EC560B /* AppDelegate.m */,
				10E137091B67351000EC560B /* ViewController.h */,
				10E1370A1B67351000EC560B /* ViewController.m */,
				10E1370C1B67351000EC560B /* Main.storyboard */,
				10E1370F1B67351000EC560B /* Images.xcassets */,
				10E137111B67351000EC560B /* LaunchScreen.xib */,
				10E137021B67351000EC560B /* Supporting Files */,
			);
			path = CloudDriveMigrationServiceIOSClient;
			sourceTree = "<group>";
		};
		10E137021B67351000EC560B /* Supporting Files */ = {
			isa = PBXGroup;
			children = (
				10E137031B67351000EC560B /* Info.plist */,
				10E137041B67351000EC560B /* main.m */,
			);
			name = "Supporting Files";
			sourceTree = "<group>";
		};
		10E1371B1B67351000EC560B /* CloudDriveMigrationServiceIOSClientTests */ = {
			isa = PBXGroup;
			children = (
				10E1371E1B67351000EC560B /* CloudDriveMigrationServiceIOSClientTests.m */,
				10E1371C1B67351000EC560B /* Supporting Files */,
			);
			path = CloudDriveMigrationServiceIOSClientTests;
			sourceTree = "<group>";
		};
		10E1371C1B67351000EC560B /* Supporting Files */ = {
			isa = PBXGroup;
			children = (
				10E1371D1B67351000EC560B /* Info.plist */,
			);
			name = "Supporting Files";
			sourceTree = "<group>";
		};
/* End PBXGroup section */

/* Begin PBXNativeTarget section */
		10E136FE1B67351000EC560B /* CloudDriveMigrationServiceIOSClient */ = {
			isa = PBXNativeTarget;
			buildConfigurationList = 10E137221B67351000EC560B /* Build configuration list for PBXNativeTarget "CloudDriveMigrationServiceIOSClient" */;
			buildPhases = (
				10E136FB1B67351000EC560B /* Sources */,
				10E136FC1B67351000EC560B /* Frameworks */,
				10E136FD1B67351000EC560B /* Resources */,
			);
			buildRules = (
			);
			dependencies = (
			);
			name = CloudDriveMigrationServiceIOSClient;
			productName = CloudDriveMigrationServiceIOSClient;
			productReference = 10E136FF1B67351000EC560B /* CloudDriveMigrationServiceIOSClient.app */;
			productType = "com.apple.product-type.application";
		};
		10E137171B67351000EC560B /* CloudDriveMigrationServiceIOSClientTests */ = {
			isa = PBXNativeTarget;
			buildConfigurationList = 10E137251B67351000EC560B /* Build configuration list for PBXNativeTarget "CloudDriveMigrationServiceIOSClientTests" */;
			buildPhases = (
				10E137141B67351000EC560B /* Sources */,
				10E137151B67351000EC560B /* Frameworks */,
				10E137161B67351000EC560B /* Resources */,
			);
			buildRules = (
			);
			dependencies = (
				10E1371A1B67351000EC560B /* PBXTargetDependency */,
			);
			name = CloudDriveMigrationServiceIOSClientTests;
			productName = CloudDriveMigrationServiceIOSClientTests;
			productReference = 10E137181B67351000EC560B /* CloudDriveMigrationServiceIOSClientTests.xctest */;
			productType = "com.apple.product-type.bundle.unit-test";
		};
/* End PBXNativeTarget section */

/* Begin PBXProject section */
		10E136F71B67351000EC560B /* Project object */ = {
			isa = PBXProject;
			attributes = {
				LastUpgradeCheck = 0630;
				ORGANIZATIONNAME = Microsoft;
				TargetAttributes = {
					10E136FE1B67351000EC560B = {
						CreatedOnToolsVersion = 6.3.2;
					};
					10E137171B67351000EC560B = {
						CreatedOnToolsVersion = 6.3.2;
						TestTargetID = 10E136FE1B67351000EC560B;
					};
				};
			};
			buildConfigurationList = 10E136FA1B67351000EC560B /* Build configuration list for PBXProject "CloudDriveMigrationServiceIOSClient" */;
			compatibilityVersion = "Xcode 3.2";
			developmentRegion = English;
			hasScannedForEncodings = 0;
			knownRegions = (
				en,
				Base,
			);
			mainGroup = 10E136F61B67351000EC560B;
			productRefGroup = 10E137001B67351000EC560B /* Products */;
			projectDirPath = "";
			projectRoot = "";
			targets = (
				10E136FE1B67351000EC560B /* CloudDriveMigrationServiceIOSClient */,
				10E137171B67351000EC560B /* CloudDriveMigrationServiceIOSClientTests */,
			);
		};
/* End PBXProject section */

/* Begin PBXResourcesBuildPhase section */
		10E136FD1B67351000EC560B /* Resources */ = {
			isa = PBXResourcesBuildPhase;
			buildActionMask = 2147483647;
			files = (
				10E1370E1B67351000EC560B /* Main.storyboard in Resources */,
				10E137131B67351000EC560B /* LaunchScreen.xib in Resources */,
				10E137101B67351000EC560B /* Images.xcassets in Resources */,
			);
			runOnlyForDeploymentPostprocessing = 0;
		};
		10E137161B67351000EC560B /* Resources */ = {
			isa = PBXResourcesBuildPhase;
			buildActionMask = 2147483647;
			files = (
			);
			runOnlyForDeploymentPostprocessing = 0;
		};
/* End PBXResourcesBuildPhase section */

/* Begin PBXSourcesBuildPhase section */
		10E136FB1B67351000EC560B /* Sources */ = {
			isa = PBXSourcesBuildPhase;
			buildActionMask = 2147483647;
			files = (
				10E1370B1B67351000EC560B /* ViewController.m in Sources */,
				10E137081B67351000EC560B /* AppDelegate.m in Sources */,
				10E137051B67351000EC560B /* main.m in Sources */,
			);
			runOnlyForDeploymentPostprocessing = 0;
		};
		10E137141B67351000EC560B /* Sources */ = {
			isa = PBXSourcesBuildPhase;
			buildActionMask = 2147483647;
			files = (
				10E1371F1B67351000EC560B /* CloudDriveMigrationServiceIOSClientTests.m in Sources */,
			);
			runOnlyForDeploymentPostprocessing = 0;
		};
/* End PBXSourcesBuildPhase section */

/* Begin PBXTargetDependency section */
		10E1371A1B67351000EC560B /* PBXTargetDependency */ = {
			isa = PBXTargetDependency;
			target = 10E136FE1B67351000EC560B /* CloudDriveMigrationServiceIOSClient */;
			targetProxy = 10E137191B67351000EC560B /* PBXContainerItemProxy */;
		};
/* End PBXTargetDependency section */

/* Begin PBXVariantGroup section */
		10E1370C1B67351000EC560B /* Main.storyboard */ = {
			isa = PBXVariantGroup;
			children = (
				10E1370D1B67351000EC560B /* Base */,
			);
			name = Main.storyboard;
			sourceTree = "<group>";
		};
		10E137111B67351000EC560B /* LaunchScreen.xib */ = {
			isa = PBXVariantGroup;
			children = (
				10E137121B67351000EC560B /* Base */,
			);
			name = LaunchScreen.xib;
			sourceTree = "<group>";
		};
/* End PBXVariantGroup section */

/* Begin XCBuildConfiguration section */
		10E137201B67351000EC560B /* Debug */ = {
			isa = XCBuildConfiguration;
			buildSettings = {
				ALWAYS_SEARCH_USER_PATHS = NO;
				CLANG_CXX_LANGUAGE_STANDARD = "gnu++0x";
				CLANG_CXX_LIBRARY = "libc++";
				CLANG_ENABLE_MODULES = YES;
				CLANG_ENABLE_OBJC_ARC = YES;
				CLANG_WARN_BOOL_CONVERSION = YES;
				CLANG_WARN_CONSTANT_CONVERSION = YES;
				CLANG_WARN_DIRECT_OBJC_ISA_USAGE = YES_ERROR;
				CLANG_WARN_EMPTY_BODY = YES;
				CLANG_WARN_ENUM_CONVERSION = YES;
				CLANG_WARN_INT_CONVERSION = YES;
				CLANG_WARN_OBJC_ROOT_CLASS = YES_ERROR;
				CLANG_WARN_UNREACHABLE_CODE = YES;
				CLANG_WARN__DUPLICATE_METHOD_MATCH = YES;
				"CODE_SIGN_IDENTITY[sdk=iphoneos*]" = "iPhone Developer";
				COPY_PHASE_STRIP = NO;
				DEBUG_INFORMATION_FORMAT = "dwarf-with-dsym";
				ENABLE_STRICT_OBJC_MSGSEND = YES;
				GCC_C_LANGUAGE_STANDARD = gnu99;
				GCC_DYNAMIC_NO_PIC = NO;
				GCC_NO_COMMON_BLOCKS = YES;
				GCC_OPTIMIZATION_LEVEL = 0;
				GCC_PREPROCESSOR_DEFINITIONS = (
					"DEBUG=1",
					"$(inherited)",
				);
				GCC_SYMBOLS_PRIVATE_EXTERN = NO;
				GCC_WARN_64_TO_32_BIT_CONVERSION = YES;
				GCC_WARN_ABOUT_RETURN_TYPE = YES_ERROR;
				GCC_WARN_UNDECLARED_SELECTOR = YES;
				GCC_WARN_UNINITIALIZED_AUTOS = YES_AGGRESSIVE;
				GCC_WARN_UNUSED_FUNCTION = YES;
				GCC_WARN_UNUSED_VARIABLE = YES;
				IPHONEOS_DEPLOYMENT_TARGET = 8.3;
				MTL_ENABLE_DEBUG_INFO = YES;
				ONLY_ACTIVE_ARCH = YES;
				SDKROOT = iphoneos;
				TARGETED_DEVICE_FAMILY = "1,2";
			};
			name = Debug;
		};
		10E137211B67351000EC560B /* Release */ = {
			isa = XCBuildConfiguration;
			buildSettings = {
				ALWAYS_SEARCH_USER_PATHS = NO;
				CLANG_CXX_LANGUAGE_STANDARD = "gnu++0x";
				CLANG_CXX_LIBRARY = "libc++";
				CLANG_ENABLE_MODULES = YES;
				CLANG_ENABLE_OBJC_ARC = YES;
				CLANG_WARN_BOOL_CONVERSION = YES;
				CLANG_WARN_CONSTANT_CONVERSION = YES;
				CLANG_WARN_DIRECT_OBJC_ISA_USAGE = YES_ERROR;
				CLANG_WARN_EMPTY_BODY = YES;
				CLANG_WARN_ENUM_CONVERSION = YES;
				CLANG_WARN_INT_CONVERSION = YES;
				CLANG_WARN_OBJC_ROOT_CLASS = YES_ERROR;
				CLANG_WARN_UNREACHABLE_CODE = YES;
				CLANG_WARN__DUPLICATE_METHOD_MATCH = YES;
				"CODE_SIGN_IDENTITY[sdk=iphoneos*]" = "iPhone Developer";
				COPY_PHASE_STRIP = NO;
				DEBUG_INFORMATION_FORMAT = "dwarf-with-dsym";
				ENABLE_NS_ASSERTIONS = NO;
				ENABLE_STRICT_OBJC_MSGSEND = YES;
				GCC_C_LANGUAGE_STANDARD = gnu99;
				GCC_NO_COMMON_BLOCKS = YES;
				GCC_WARN_64_TO_32_BIT_CONVERSION = YES;
				GCC_WARN_ABOUT_RETURN_TYPE = YES_ERROR;
				GCC_WARN_UNDECLARED_SELECTOR = YES;
				GCC_WARN_UNINITIALIZED_AUTOS = YES_AGGRESSIVE;
				GCC_WARN_UNUSED_FUNCTION = YES;
				GCC_WARN_UNUSED_VARIABLE = YES;
				IPHONEOS_DEPLOYMENT_TARGET = 8.3;
				MTL_ENABLE_DEBUG_INFO = NO;
				SDKROOT = iphoneos;
				TARGETED_DEVICE_FAMILY = "1,2";
				VALIDATE_PRODUCT = YES;
			};
			name = Release;
		};
		10E137231B67351000EC560B /* Debug */ = {
			isa = XCBuildConfiguration;
			buildSettings = {
				ASSETCATALOG_COMPILER_APPICON_NAME = AppIcon;
				INFOPLIST_FILE = CloudDriveMigrationServiceIOSClient/Info.plist;
				LD_RUNPATH_SEARCH_PATHS = "$(inherited) @executable_path/Frameworks";
				PRODUCT_NAME = "$(TARGET_NAME)";
			};
			name = Debug;
		};
		10E137241B67351000EC560B /* Release */ = {
			isa = XCBuildConfiguration;
			buildSettings = {
				ASSETCATALOG_COMPILER_APPICON_NAME = AppIcon;
				INFOPLIST_FILE = CloudDriveMigrationServiceIOSClient/Info.plist;
				LD_RUNPATH_SEARCH_PATHS = "$(inherited) @executable_path/Frameworks";
				PRODUCT_NAME = "$(TARGET_NAME)";
			};
			name = Release;
		};
		10E137261B67351000EC560B /* Debug */ = {
			isa = XCBuildConfiguration;
			buildSettings = {
				BUNDLE_LOADER = "$(TEST_HOST)";
				FRAMEWORK_SEARCH_PATHS = (
					"$(SDKROOT)/Developer/Library/Frameworks",
					"$(inherited)",
				);
				GCC_PREPROCESSOR_DEFINITIONS = (
					"DEBUG=1",
					"$(inherited)",
				);
				INFOPLIST_FILE = CloudDriveMigrationServiceIOSClientTests/Info.plist;
				LD_RUNPATH_SEARCH_PATHS = "$(inherited) @executable_path/Frameworks @loader_path/Frameworks";
				PRODUCT_NAME = "$(TARGET_NAME)";
				TEST_HOST = "$(BUILT_PRODUCTS_DIR)/CloudDriveMigrationServiceIOSClient.app/CloudDriveMigrationServiceIOSClient";
			};
			name = Debug;
		};
		10E137271B67351000EC560B /* Release */ = {
			isa = XCBuildConfiguration;
			buildSettings = {
				BUNDLE_LOADER = "$(TEST_HOST)";
				FRAMEWORK_SEARCH_PATHS = (
					"$(SDKROOT)/Developer/Library/Frameworks",
					"$(inherited)",
				);
				INFOPLIST_FILE = CloudDriveMigrationServiceIOSClientTests/Info.plist;
				LD_RUNPATH_SEARCH_PATHS = "$(inherited) @executable_path/Frameworks @loader_path/Frameworks";
				PRODUCT_NAME = "$(TARGET_NAME)";
				TEST_HOST = "$(BUILT_PRODUCTS_DIR)/CloudDriveMigrationServiceIOSClient.app/CloudDriveMigrationServiceIOSClient";
			};
			name = Release;
		};
/* End XCBuildConfiguration section */

/* Begin XCConfigurationList section */
		10E136FA1B67351000EC560B /* Build configuration list for PBXProject "CloudDriveMigrationServiceIOSClient" */ = {
			isa = XCConfigurationList;
			buildConfigurations = (
				10E137201B67351000EC560B /* Debug */,
				10E137211B67351000EC560B /* Release */,
			);
			defaultConfigurationIsVisible = 0;
			defaultConfigurationName = Release;
		};
		10E137221B67351000EC560B /* Build configuration list for PBXNativeTarget "CloudDriveMigrationServiceIOSClient" */ = {
			isa = XCConfigurationList;
			buildConfigurations = (
				10E137231B67351000EC560B /* Debug */,
				10E137241B67351000EC560B /* Release */,
			);
			defaultConfigurationIsVisible = 0;
		};
		10E137251B67351000EC560B /* Build configuration list for PBXNativeTarget "CloudDriveMigrationServiceIOSClientTests" */ = {
			isa = XCConfigurationList;
			buildConfigurations = (
				10E137261B67351000EC560B /* Debug */,
				10E137271B67351000EC560B /* Release */,
			);
			defaultConfigurationIsVisible = 0;
		};
/* End XCConfigurationList section */
	};
	rootObject = 10E136F71B67351000EC560B /* Project object */;
}
